Microsoft Visual Studio Solution File, Format Version 12.00
# Visual Studio Version 17
VisualStudioVersion = 17.5.2.0
MinimumVisualStudioVersion = 10.0.40219.1
Project("{FAE04EC0-301F-11D3-BF4B-00C04F79EFBC}") = "Correios.Automacao.Tests", "Correios.Automacao.Tests\Correios.Automacao.Tests.csproj", "{2869D850-850E-24BF-D012-B8544C12BAA9}"
EndProject
Global
	GlobalSection(SolutionConfigurationPlatforms) = preSolution
		Debug|Any CPU = Debug|Any CPU
		Release|Any CPU = Release|Any CPU
	EndGlobalSection
	GlobalSection(ProjectConfigurationPlatforms) = postSolution
		{2869D850-850E-24BF-D012-B8544C12BAA9}.Debug|Any CPU.ActiveCfg = Debug|Any CPU
		{2869D850-850E-24BF-D012-B8544C12BAA9}.Debug|Any CPU.Build.0 = Debug|Any CPU
		{2869D850-850E-24BF-D012-B8544C12BAA9}.Release|Any CPU.ActiveCfg = Release|Any CPU
		{2869D850-850E-24BF-D012-B8544C12BAA9}.Release|Any CPU.Build.0 = Release|Any CPU
	EndGlobalSection
	GlobalSection(SolutionProperties) = preSolution
		HideSolutionNode = FALSE
	EndGlobalSection
	GlobalSection(ExtensibilityGlobals) = postSolution
		SolutionGuid = {329ED1DC-1D3C-49C1-978B-5591A225962A}
	EndGlobalSection
EndGlobal
